# This file is @generated by uv.
# It is not intended for manual editing.
version = 1
requires-python = ">=3.12"

# Note: This is a placeholder lock file.
# To generate the actual lock file, run:
#   uv lock
# This will resolve all dependencies from pyproject.toml and create
# a complete lock file with all transitive dependencies pinned.
