preprocess:
  cmd: python -m spacy run preprocess
  script:
    - python scripts/preprocess.py assets/train.json corpus/train.spacy
    - python scripts/preprocess.py assets/test.json corpus/test.spacy
  deps:
    - path: assets/train.json
      md5: d9226c075be8263fe92f257b02ea1e8e
    - path: assets/test.json
      md5: cf8fda9a2c0b6ea9a5067c49b589c1b9
    - path: scripts/preprocess.py
      md5: fbb10acc739ce777cfce661c52946e15
  outs:
    - path: corpus/train.spacy
      md5: a74836ff63b4548e39f5c1d05d07c5e2
    - path: corpus/test.spacy
      md5: 3e9d0eb02268639e48ab7755062fa97d
  spacy_version: 3.4.1
  spacy_git_version: Unknown
train:
  cmd: python -m spacy run train
  script:
    - python -m spacy train configs/cpu-accuracy.cfg --output training/ --paths.train
      corpus/train.spacy --paths.dev corpus/test.spacy --gpu-id -1
  deps:
    - path: corpus/train.spacy
      md5: a74836ff63b4548e39f5c1d05d07c5e2
    - path: corpus/test.spacy
      md5: 3e9d0eb02268639e48ab7755062fa97d
    - path: configs/cpu-accuracy.cfg
      md5: 05220c491ba8f26848820b625e73661c
  outs:
    - path: training/model-best
      md5: 21185f148f56b6eacdad5140431458e2
  spacy_version: 3.4.1
  spacy_git_version: Unknown
evaluate:
  cmd: python -m spacy run evaluate
  script:
    - python -m spacy evaluate training/model-best corpus/test.spacy --output training/metrics.json
      --gpu-id -1
  deps:
    - path: corpus/test.spacy
      md5: 3e9d0eb02268639e48ab7755062fa97d
    - path: training/model-best
      md5: 21185f148f56b6eacdad5140431458e2
  outs:
    - path: training/metrics.json
      md5: 6d26c4953fcf9fac8c8b0fef175ffe73
  spacy_version: 3.4.1
  spacy_git_version: Unknown
package:
  cmd: python -m spacy run package
  script:
    - python -m spacy package --name ethicalads_topics --version 20221006_10_45_28
      training/model-best packages
  deps:
    - path: corpus/test.spacy
      md5: 3e9d0eb02268639e48ab7755062fa97d
    - path: training/model-best
      md5: 21185f148f56b6eacdad5140431458e2
  outs:
    - path: packages/{vars.name}
      md5: null
  spacy_version: 3.4.1
  spacy_git_version: Unknown
